Microsoft Visual Studio Solution File, Format Version 12.00
# Visual Studio Version 17
VisualStudioVersion = 17.0.31903.59
MinimumVisualStudioVersion = 10.0.40219.1
Project("{FAE04EC0-301F-11D3-BF4B-00C04F79EFBC}") = "Question1", "Question1.csproj", "{8C269279-FD37-5902-BE69-7E28C24D8068}"
EndProject
Global
	GlobalSection(SolutionConfigurationPlatforms) = preSolution
		Debug|Any CPU = Debug|Any CPU
		Release|Any CPU = Release|Any CPU
	EndGlobalSection
	GlobalSection(ProjectConfigurationPlatforms) = postSolution
		{8C269279-FD37-5902-BE69-7E28C24D8068}.Debug|Any CPU.ActiveCfg = Debug|Any CPU
		{8C269279-FD37-5902-BE69-7E28C24D8068}.Debug|Any CPU.Build.0 = Debug|Any CPU
		{8C269279-FD37-5902-BE69-7E28C24D8068}.Release|Any CPU.ActiveCfg = Release|Any CPU
		{8C269279-FD37-5902-BE69-7E28C24D8068}.Release|Any CPU.Build.0 = Release|Any CPU
	EndGlobalSection
	GlobalSection(SolutionProperties) = preSolution
		HideSolutionNode = FALSE
	EndGlobalSection
EndGlobal
