Microsoft Visual Studio Solution File, Format Version 12.00
# Visual Studio Version 17
VisualStudioVersion = 17.0.31903.59
MinimumVisualStudioVersion = 10.0.40219.1
Project("{FAE04EC0-301F-11D3-BF4B-00C04F79EFBC}") = "Question2", "Question2.csproj", "{3E5EF82F-3B20-47AA-9FFD-6DF0162CE444}"
EndProject
Global
	GlobalSection(SolutionConfigurationPlatforms) = preSolution
		Debug|Any CPU = Debug|Any CPU
		Release|Any CPU = Release|Any CPU
	EndGlobalSection
	GlobalSection(ProjectConfigurationPlatforms) = postSolution
		{3E5EF82F-3B20-47AA-9FFD-6DF0162CE444}.Debug|Any CPU.ActiveCfg = Debug|Any CPU
		{3E5EF82F-3B20-47AA-9FFD-6DF0162CE444}.Debug|Any CPU.Build.0 = Debug|Any CPU
		{3E5EF82F-3B20-47AA-9FFD-6DF0162CE444}.Release|Any CPU.ActiveCfg = Release|Any CPU
		{3E5EF82F-3B20-47AA-9FFD-6DF0162CE444}.Release|Any CPU.Build.0 = Release|Any CPU
	EndGlobalSection
	GlobalSection(SolutionProperties) = preSolution
		HideSolutionNode = FALSE
	EndGlobalSection
EndGlobal
