Microsoft Visual Studio Solution File, Format Version 12.00
# Visual Studio Version 17
VisualStudioVersion = 17.0.31903.59
MinimumVisualStudioVersion = 10.0.40219.1
Project("{FAE04EC0-301F-11D3-BF4B-00C04F79EFBC}") = "Question1", "Question1.csproj", "{62B60FA4-0326-5327-ACD6-B8502260CFED}"
EndProject
Global
	GlobalSection(SolutionConfigurationPlatforms) = preSolution
		Debug|Any CPU = Debug|Any CPU
		Release|Any CPU = Release|Any CPU
	EndGlobalSection
	GlobalSection(ProjectConfigurationPlatforms) = postSolution
		{62B60FA4-0326-5327-ACD6-B8502260CFED}.Debug|Any CPU.ActiveCfg = Debug|Any CPU
		{62B60FA4-0326-5327-ACD6-B8502260CFED}.Debug|Any CPU.Build.0 = Debug|Any CPU
		{62B60FA4-0326-5327-ACD6-B8502260CFED}.Release|Any CPU.ActiveCfg = Release|Any CPU
		{62B60FA4-0326-5327-ACD6-B8502260CFED}.Release|Any CPU.Build.0 = Release|Any CPU
	EndGlobalSection
	GlobalSection(SolutionProperties) = preSolution
		HideSolutionNode = FALSE
	EndGlobalSection
EndGlobal
